
Microsoft Visual Studio Solution File, Format Version 12.00
# Visual Studio 2013
VisualStudioVersion = 12.0.31101.0
MinimumVisualStudioVersion = 10.0.40219.1
Project("{FAE04EC0-301F-11D3-BF4B-00C04F79EFBC}") = "01AllocateArray", "AllocateArray\01AllocateArray.csproj", "{450520C0-7ED7-49AF-B727-28F923AC1507}"
EndProject
Project("{FAE04EC0-301F-11D3-BF4B-00C04F79EFBC}") = "02CompareArrays", "CompareArrays\02CompareArrays.csproj", "{77CC9CB0-EC3C-4B4B-83EB-CAC57E38F01C}"
EndProject
Project("{FAE04EC0-301F-11D3-BF4B-00C04F79EFBC}") = "04MaximalSequence", "MaximalSequence\04MaximalSequence.csproj", "{626195BC-45A7-46C5-8182-5733343146FF}"
EndProject
Project("{FAE04EC0-301F-11D3-BF4B-00C04F79EFBC}") = "05MaximalIncreasingSequence", "MaximalIncreasingSequence\05MaximalIncreasingSequence.csproj", "{0503FC18-6480-4957-879F-1D2458B8EEDC}"
EndProject
Project("{FAE04EC0-301F-11D3-BF4B-00C04F79EFBC}") = "06MaximalKSum", "MaximalKSum\06MaximalKSum.csproj", "{E00C4B1D-233A-465C-9292-EBB51963E89D}"
EndProject
Project("{FAE04EC0-301F-11D3-BF4B-00C04F79EFBC}") = "07SelectionSort", "SelectionSort\07SelectionSort.csproj", "{2A5361D0-3805-46D2-92BF-5A855E9814CF}"
EndProject
Project("{FAE04EC0-301F-11D3-BF4B-00C04F79EFBC}") = "08MaximalSum", "MaximalSum\08MaximalSum.csproj", "{C5F2A721-60D7-4FA5-8719-584386C63468}"
EndProject
Project("{FAE04EC0-301F-11D3-BF4B-00C04F79EFBC}") = "09FrequentNumber", "FrequentNumber\09FrequentNumber.csproj", "{E1D07635-BFAC-41BC-989E-7EB2DB996F45}"
EndProject
Project("{FAE04EC0-301F-11D3-BF4B-00C04F79EFBC}") = "03CompareCharArrays", "CompareCharArrays\03CompareCharArrays.csproj", "{AB4ECFA8-339B-44D6-B870-BAEF61ABAE3B}"
EndProject
Project("{FAE04EC0-301F-11D3-BF4B-00C04F79EFBC}") = "10FindSumInArray", "FindSumInArray\10FindSumInArray.csproj", "{97F17EA5-826A-45A2-B690-9C26391EE610}"
EndProject
Project("{FAE04EC0-301F-11D3-BF4B-00C04F79EFBC}") = "11BinarySearch", "BinarySearch\11BinarySearch.csproj", "{EA7AEDEB-725B-4CE3-A9DD-D3DF2D311DEC}"
EndProject
Project("{FAE04EC0-301F-11D3-BF4B-00C04F79EFBC}") = "12IndexOfLetters", "IndexOfLetters\12IndexOfLetters.csproj", "{E9D9FE05-49F4-4B7B-831E-7F9F2D68F33B}"
EndProject
Project("{FAE04EC0-301F-11D3-BF4B-00C04F79EFBC}") = "16SubsetWithSumS", "SubsetWithSumS\16SubsetWithSumS.csproj", "{5D0D784F-EE46-47C5-9BFF-A13C146EA065}"
EndProject
Project("{FAE04EC0-301F-11D3-BF4B-00C04F79EFBC}") = "13MergeSort", "MergeSort\13MergeSort.csproj", "{11F15523-1AA8-42D6-B9C1-01A4A9BD1945}"
EndProject
Project("{FAE04EC0-301F-11D3-BF4B-00C04F79EFBC}") = "14QuickSort", "QuickSort\14QuickSort.csproj", "{3EC5BDCC-1A73-4A85-9FFE-9656441E7188}"
EndProject
Project("{FAE04EC0-301F-11D3-BF4B-00C04F79EFBC}") = "15PrimeNumbers", "PrimeNumbers\15PrimeNumbers.csproj", "{460532EF-EC4B-439B-949F-AAC8B2070997}"
EndProject
Global
	GlobalSection(SolutionConfigurationPlatforms) = preSolution
		Debug|Any CPU = Debug|Any CPU
		Release|Any CPU = Release|Any CPU
	EndGlobalSection
	GlobalSection(ProjectConfigurationPlatforms) = postSolution
		{450520C0-7ED7-49AF-B727-28F923AC1507}.Debug|Any CPU.ActiveCfg = Debug|Any CPU
		{450520C0-7ED7-49AF-B727-28F923AC1507}.Debug|Any CPU.Build.0 = Debug|Any CPU
		{450520C0-7ED7-49AF-B727-28F923AC1507}.Release|Any CPU.ActiveCfg = Release|Any CPU
		{450520C0-7ED7-49AF-B727-28F923AC1507}.Release|Any CPU.Build.0 = Release|Any CPU
		{77CC9CB0-EC3C-4B4B-83EB-CAC57E38F01C}.Debug|Any CPU.ActiveCfg = Debug|Any CPU
		{77CC9CB0-EC3C-4B4B-83EB-CAC57E38F01C}.Debug|Any CPU.Build.0 = Debug|Any CPU
		{77CC9CB0-EC3C-4B4B-83EB-CAC57E38F01C}.Release|Any CPU.ActiveCfg = Release|Any CPU
		{77CC9CB0-EC3C-4B4B-83EB-CAC57E38F01C}.Release|Any CPU.Build.0 = Release|Any CPU
		{626195BC-45A7-46C5-8182-5733343146FF}.Debug|Any CPU.ActiveCfg = Debug|Any CPU
		{626195BC-45A7-46C5-8182-5733343146FF}.Debug|Any CPU.Build.0 = Debug|Any CPU
		{626195BC-45A7-46C5-8182-5733343146FF}.Release|Any CPU.ActiveCfg = Release|Any CPU
		{626195BC-45A7-46C5-8182-5733343146FF}.Release|Any CPU.Build.0 = Release|Any CPU
		{0503FC18-6480-4957-879F-1D2458B8EEDC}.Debug|Any CPU.ActiveCfg = Debug|Any CPU
		{0503FC18-6480-4957-879F-1D2458B8EEDC}.Debug|Any CPU.Build.0 = Debug|Any CPU
		{0503FC18-6480-4957-879F-1D2458B8EEDC}.Release|Any CPU.ActiveCfg = Release|Any CPU
		{0503FC18-6480-4957-879F-1D2458B8EEDC}.Release|Any CPU.Build.0 = Release|Any CPU
		{E00C4B1D-233A-465C-9292-EBB51963E89D}.Debug|Any CPU.ActiveCfg = Debug|Any CPU
		{E00C4B1D-233A-465C-9292-EBB51963E89D}.Debug|Any CPU.Build.0 = Debug|Any CPU
		{E00C4B1D-233A-465C-9292-EBB51963E89D}.Release|Any CPU.ActiveCfg = Release|Any CPU
		{E00C4B1D-233A-465C-9292-EBB51963E89D}.Release|Any CPU.Build.0 = Release|Any CPU
		{2A5361D0-3805-46D2-92BF-5A855E9814CF}.Debug|Any CPU.ActiveCfg = Debug|Any CPU
		{2A5361D0-3805-46D2-92BF-5A855E9814CF}.Debug|Any CPU.Build.0 = Debug|Any CPU
		{2A5361D0-3805-46D2-92BF-5A855E9814CF}.Release|Any CPU.ActiveCfg = Release|Any CPU
		{2A5361D0-3805-46D2-92BF-5A855E9814CF}.Release|Any CPU.Build.0 = Release|Any CPU
		{C5F2A721-60D7-4FA5-8719-584386C63468}.Debug|Any CPU.ActiveCfg = Debug|Any CPU
		{C5F2A721-60D7-4FA5-8719-584386C63468}.Debug|Any CPU.Build.0 = Debug|Any CPU
		{C5F2A721-60D7-4FA5-8719-584386C63468}.Release|Any CPU.ActiveCfg = Release|Any CPU
		{C5F2A721-60D7-4FA5-8719-584386C63468}.Release|Any CPU.Build.0 = Release|Any CPU
		{E1D07635-BFAC-41BC-989E-7EB2DB996F45}.Debug|Any CPU.ActiveCfg = Debug|Any CPU
		{E1D07635-BFAC-41BC-989E-7EB2DB996F45}.Debug|Any CPU.Build.0 = Debug|Any CPU
		{E1D07635-BFAC-41BC-989E-7EB2DB996F45}.Release|Any CPU.ActiveCfg = Release|Any CPU
		{E1D07635-BFAC-41BC-989E-7EB2DB996F45}.Release|Any CPU.Build.0 = Release|Any CPU
		{AB4ECFA8-339B-44D6-B870-BAEF61ABAE3B}.Debug|Any CPU.ActiveCfg = Debug|Any CPU
		{AB4ECFA8-339B-44D6-B870-BAEF61ABAE3B}.Debug|Any CPU.Build.0 = Debug|Any CPU
		{AB4ECFA8-339B-44D6-B870-BAEF61ABAE3B}.Release|Any CPU.ActiveCfg = Release|Any CPU
		{AB4ECFA8-339B-44D6-B870-BAEF61ABAE3B}.Release|Any CPU.Build.0 = Release|Any CPU
		{97F17EA5-826A-45A2-B690-9C26391EE610}.Debug|Any CPU.ActiveCfg = Debug|Any CPU
		{97F17EA5-826A-45A2-B690-9C26391EE610}.Debug|Any CPU.Build.0 = Debug|Any CPU
		{97F17EA5-826A-45A2-B690-9C26391EE610}.Release|Any CPU.ActiveCfg = Release|Any CPU
		{97F17EA5-826A-45A2-B690-9C26391EE610}.Release|Any CPU.Build.0 = Release|Any CPU
		{EA7AEDEB-725B-4CE3-A9DD-D3DF2D311DEC}.Debug|Any CPU.ActiveCfg = Debug|Any CPU
		{EA7AEDEB-725B-4CE3-A9DD-D3DF2D311DEC}.Debug|Any CPU.Build.0 = Debug|Any CPU
		{EA7AEDEB-725B-4CE3-A9DD-D3DF2D311DEC}.Release|Any CPU.ActiveCfg = Release|Any CPU
		{EA7AEDEB-725B-4CE3-A9DD-D3DF2D311DEC}.Release|Any CPU.Build.0 = Release|Any CPU
		{E9D9FE05-49F4-4B7B-831E-7F9F2D68F33B}.Debug|Any CPU.ActiveCfg = Debug|Any CPU
		{E9D9FE05-49F4-4B7B-831E-7F9F2D68F33B}.Debug|Any CPU.Build.0 = Debug|Any CPU
		{E9D9FE05-49F4-4B7B-831E-7F9F2D68F33B}.Release|Any CPU.ActiveCfg = Release|Any CPU
		{E9D9FE05-49F4-4B7B-831E-7F9F2D68F33B}.Release|Any CPU.Build.0 = Release|Any CPU
		{5D0D784F-EE46-47C5-9BFF-A13C146EA065}.Debug|Any CPU.ActiveCfg = Debug|Any CPU
		{5D0D784F-EE46-47C5-9BFF-A13C146EA065}.Debug|Any CPU.Build.0 = Debug|Any CPU
		{5D0D784F-EE46-47C5-9BFF-A13C146EA065}.Release|Any CPU.ActiveCfg = Release|Any CPU
		{5D0D784F-EE46-47C5-9BFF-A13C146EA065}.Release|Any CPU.Build.0 = Release|Any CPU
		{11F15523-1AA8-42D6-B9C1-01A4A9BD1945}.Debug|Any CPU.ActiveCfg = Debug|Any CPU
		{11F15523-1AA8-42D6-B9C1-01A4A9BD1945}.Debug|Any CPU.Build.0 = Debug|Any CPU
		{11F15523-1AA8-42D6-B9C1-01A4A9BD1945}.Release|Any CPU.ActiveCfg = Release|Any CPU
		{11F15523-1AA8-42D6-B9C1-01A4A9BD1945}.Release|Any CPU.Build.0 = Release|Any CPU
		{3EC5BDCC-1A73-4A85-9FFE-9656441E7188}.Debug|Any CPU.ActiveCfg = Debug|Any CPU
		{3EC5BDCC-1A73-4A85-9FFE-9656441E7188}.Debug|Any CPU.Build.0 = Debug|Any CPU
		{3EC5BDCC-1A73-4A85-9FFE-9656441E7188}.Release|Any CPU.ActiveCfg = Release|Any CPU
		{3EC5BDCC-1A73-4A85-9FFE-9656441E7188}.Release|Any CPU.Build.0 = Release|Any CPU
		{460532EF-EC4B-439B-949F-AAC8B2070997}.Debug|Any CPU.ActiveCfg = Debug|Any CPU
		{460532EF-EC4B-439B-949F-AAC8B2070997}.Debug|Any CPU.Build.0 = Debug|Any CPU
		{460532EF-EC4B-439B-949F-AAC8B2070997}.Release|Any CPU.ActiveCfg = Release|Any CPU
		{460532EF-EC4B-439B-949F-AAC8B2070997}.Release|Any CPU.Build.0 = Release|Any CPU
	EndGlobalSection
	GlobalSection(SolutionProperties) = preSolution
		HideSolutionNode = FALSE
	EndGlobalSection
EndGlobal
