
Microsoft Visual Studio Solution File, Format Version 12.00
# Visual Studio 2013
VisualStudioVersion = 12.0.31101.0
MinimumVisualStudioVersion = 10.0.40219.1
Project("{FAE04EC0-301F-11D3-BF4B-00C04F79EFBC}") = "05PrintMyName", "PrintMyNam\05PrintMyName.csproj", "{B2A3F6D7-60EB-43C2-B6FE-4C05F650616C}"
EndProject
Project("{FAE04EC0-301F-11D3-BF4B-00C04F79EFBC}") = "06PrintNumbers", "PrintNumbers\06PrintNumbers.csproj", "{D23770A0-3F71-4BCB-B5CF-E0047D7EEBB6}"
EndProject
Project("{FAE04EC0-301F-11D3-BF4B-00C04F79EFBC}") = "04HelloCSharp", "HelloCSharp\04HelloCSharp.csproj", "{8726C09F-D4D8-4B45-BBFB-356CEBF2B2A9}"
EndProject
Project("{FAE04EC0-301F-11D3-BF4B-00C04F79EFBC}") = "07FirstandLastName", "First and Last Name\07FirstandLastName.csproj", "{0FA0027F-0227-4CC5-9FA2-6553754BFA99}"
EndProject
Project("{FAE04EC0-301F-11D3-BF4B-00C04F79EFBC}") = "08SquareRoot", "SquareRoot\08SquareRoot.csproj", "{607A0521-6969-492C-BB7E-0FF7E79E7E8E}"
EndProject
Project("{FAE04EC0-301F-11D3-BF4B-00C04F79EFBC}") = "14CurrentDateAndTime", "CurrentDateAndTime\14CurrentDateAndTime.csproj", "{58A74505-5E9D-465E-BCD5-6F6316FE3A28}"
EndProject
Project("{FAE04EC0-301F-11D3-BF4B-00C04F79EFBC}") = "15AgeAfter10Years", "Ageafter10Years\15AgeAfter10Years.csproj", "{F954D519-E971-403B-9C44-EE87BCFA9E8D}"
EndProject
Project("{FAE04EC0-301F-11D3-BF4B-00C04F79EFBC}") = "09PrintASequence", "PrintASequence\09PrintASequence.csproj", "{8DF4C815-0681-4EC3-BB5C-6BE0A729C882}"
EndProject
Project("{FAE04EC0-301F-11D3-BF4B-00C04F79EFBC}") = "10ReformatCSCode", "ReformatCSCode\10ReformatCSCode.csproj", "{A1128564-FAB2-4FD0-ACC8-601493B732AE}"
EndProject
Project("{FAE04EC0-301F-11D3-BF4B-00C04F79EFBC}") = "16PrintLongSequence1000Members", "PrintLongSequence1000Members\16PrintLongSequence1000Members.csproj", "{9FE9BD92-9EEF-48A1-8CAE-FC2E9CBFEF41}"
EndProject
Global
	GlobalSection(SolutionConfigurationPlatforms) = preSolution
		Debug|Any CPU = Debug|Any CPU
		Release|Any CPU = Release|Any CPU
	EndGlobalSection
	GlobalSection(ProjectConfigurationPlatforms) = postSolution
		{B2A3F6D7-60EB-43C2-B6FE-4C05F650616C}.Debug|Any CPU.ActiveCfg = Debug|Any CPU
		{B2A3F6D7-60EB-43C2-B6FE-4C05F650616C}.Debug|Any CPU.Build.0 = Debug|Any CPU
		{B2A3F6D7-60EB-43C2-B6FE-4C05F650616C}.Release|Any CPU.ActiveCfg = Release|Any CPU
		{B2A3F6D7-60EB-43C2-B6FE-4C05F650616C}.Release|Any CPU.Build.0 = Release|Any CPU
		{D23770A0-3F71-4BCB-B5CF-E0047D7EEBB6}.Debug|Any CPU.ActiveCfg = Debug|Any CPU
		{D23770A0-3F71-4BCB-B5CF-E0047D7EEBB6}.Debug|Any CPU.Build.0 = Debug|Any CPU
		{D23770A0-3F71-4BCB-B5CF-E0047D7EEBB6}.Debug|Any CPU.Deploy.0 = Debug|Any CPU
		{D23770A0-3F71-4BCB-B5CF-E0047D7EEBB6}.Release|Any CPU.ActiveCfg = Release|Any CPU
		{D23770A0-3F71-4BCB-B5CF-E0047D7EEBB6}.Release|Any CPU.Build.0 = Release|Any CPU
		{8726C09F-D4D8-4B45-BBFB-356CEBF2B2A9}.Debug|Any CPU.ActiveCfg = Debug|Any CPU
		{8726C09F-D4D8-4B45-BBFB-356CEBF2B2A9}.Debug|Any CPU.Build.0 = Debug|Any CPU
		{8726C09F-D4D8-4B45-BBFB-356CEBF2B2A9}.Release|Any CPU.ActiveCfg = Release|Any CPU
		{8726C09F-D4D8-4B45-BBFB-356CEBF2B2A9}.Release|Any CPU.Build.0 = Release|Any CPU
		{0FA0027F-0227-4CC5-9FA2-6553754BFA99}.Debug|Any CPU.ActiveCfg = Debug|Any CPU
		{0FA0027F-0227-4CC5-9FA2-6553754BFA99}.Debug|Any CPU.Build.0 = Debug|Any CPU
		{0FA0027F-0227-4CC5-9FA2-6553754BFA99}.Release|Any CPU.ActiveCfg = Release|Any CPU
		{0FA0027F-0227-4CC5-9FA2-6553754BFA99}.Release|Any CPU.Build.0 = Release|Any CPU
		{607A0521-6969-492C-BB7E-0FF7E79E7E8E}.Debug|Any CPU.ActiveCfg = Debug|Any CPU
		{607A0521-6969-492C-BB7E-0FF7E79E7E8E}.Debug|Any CPU.Build.0 = Debug|Any CPU
		{607A0521-6969-492C-BB7E-0FF7E79E7E8E}.Release|Any CPU.ActiveCfg = Release|Any CPU
		{607A0521-6969-492C-BB7E-0FF7E79E7E8E}.Release|Any CPU.Build.0 = Release|Any CPU
		{58A74505-5E9D-465E-BCD5-6F6316FE3A28}.Debug|Any CPU.ActiveCfg = Debug|Any CPU
		{58A74505-5E9D-465E-BCD5-6F6316FE3A28}.Debug|Any CPU.Build.0 = Debug|Any CPU
		{58A74505-5E9D-465E-BCD5-6F6316FE3A28}.Release|Any CPU.ActiveCfg = Release|Any CPU
		{58A74505-5E9D-465E-BCD5-6F6316FE3A28}.Release|Any CPU.Build.0 = Release|Any CPU
		{F954D519-E971-403B-9C44-EE87BCFA9E8D}.Debug|Any CPU.ActiveCfg = Debug|Any CPU
		{F954D519-E971-403B-9C44-EE87BCFA9E8D}.Debug|Any CPU.Build.0 = Debug|Any CPU
		{F954D519-E971-403B-9C44-EE87BCFA9E8D}.Release|Any CPU.ActiveCfg = Release|Any CPU
		{F954D519-E971-403B-9C44-EE87BCFA9E8D}.Release|Any CPU.Build.0 = Release|Any CPU
		{8DF4C815-0681-4EC3-BB5C-6BE0A729C882}.Debug|Any CPU.ActiveCfg = Debug|Any CPU
		{8DF4C815-0681-4EC3-BB5C-6BE0A729C882}.Debug|Any CPU.Build.0 = Debug|Any CPU
		{8DF4C815-0681-4EC3-BB5C-6BE0A729C882}.Release|Any CPU.ActiveCfg = Release|Any CPU
		{8DF4C815-0681-4EC3-BB5C-6BE0A729C882}.Release|Any CPU.Build.0 = Release|Any CPU
		{A1128564-FAB2-4FD0-ACC8-601493B732AE}.Debug|Any CPU.ActiveCfg = Debug|Any CPU
		{A1128564-FAB2-4FD0-ACC8-601493B732AE}.Debug|Any CPU.Build.0 = Debug|Any CPU
		{A1128564-FAB2-4FD0-ACC8-601493B732AE}.Release|Any CPU.ActiveCfg = Release|Any CPU
		{A1128564-FAB2-4FD0-ACC8-601493B732AE}.Release|Any CPU.Build.0 = Release|Any CPU
		{9FE9BD92-9EEF-48A1-8CAE-FC2E9CBFEF41}.Debug|Any CPU.ActiveCfg = Debug|Any CPU
		{9FE9BD92-9EEF-48A1-8CAE-FC2E9CBFEF41}.Debug|Any CPU.Build.0 = Debug|Any CPU
		{9FE9BD92-9EEF-48A1-8CAE-FC2E9CBFEF41}.Release|Any CPU.ActiveCfg = Release|Any CPU
		{9FE9BD92-9EEF-48A1-8CAE-FC2E9CBFEF41}.Release|Any CPU.Build.0 = Release|Any CPU
	EndGlobalSection
	GlobalSection(SolutionProperties) = preSolution
		HideSolutionNode = FALSE
	EndGlobalSection
EndGlobal
