
Microsoft Visual Studio Solution File, Format Version 12.00
# Visual Studio 2013
VisualStudioVersion = 12.0.31101.0
MinimumVisualStudioVersion = 10.0.40219.1
Project("{FAE04EC0-301F-11D3-BF4B-00C04F79EFBC}") = "01StringBuilderSubstring", "StringBuilderSubstring\01StringBuilderSubstring.csproj", "{40A64D76-FDDA-4A0E-9EB0-2F54BF2CD783}"
EndProject
Project("{FAE04EC0-301F-11D3-BF4B-00C04F79EFBC}") = "02IEnumerableExtensions", "IEnumerableExtensions\02IEnumerableExtensions.csproj", "{7CEA796F-2A74-4B1A-A926-F2F9D31A3C3C}"
EndProject
Project("{FAE04EC0-301F-11D3-BF4B-00C04F79EFBC}") = "03FirstBeforeLast", "FirstBeforeLast\03FirstBeforeLast.csproj", "{ED40934F-B50A-4F05-97C2-02ECE527A504}"
EndProject
Project("{FAE04EC0-301F-11D3-BF4B-00C04F79EFBC}") = "04AgeRange", "AgeRange\04AgeRange.csproj", "{F472C32C-2A25-4CE9-AD9D-7DEB51E3FBF8}"
EndProject
Project("{FAE04EC0-301F-11D3-BF4B-00C04F79EFBC}") = "05OrderStudents", "OrderStudents\05OrderStudents.csproj", "{8D52020A-AD37-40EA-A2C3-8430F93390BA}"
EndProject
Project("{FAE04EC0-301F-11D3-BF4B-00C04F79EFBC}") = "06DivisibleBy7And3", "DivisibleBy7And3\06DivisibleBy7And3.csproj", "{032F48C1-342F-4099-B0F9-B88220DBBBE8}"
EndProject
Project("{FAE04EC0-301F-11D3-BF4B-00C04F79EFBC}") = "07Timer", "Timer\07Timer.csproj", "{68190364-3F27-476F-BCFF-8D8B5F70E7A8}"
EndProject
Project("{FAE04EC0-301F-11D3-BF4B-00C04F79EFBC}") = "09-19StudentGroups", "StudentGroups\09-19StudentGroups.csproj", "{EF961C68-630B-4C49-BCCB-3A3E198A43B8}"
EndProject
Project("{FAE04EC0-301F-11D3-BF4B-00C04F79EFBC}") = "17LongestString", "LongestString\17LongestString.csproj", "{6D0ACFB6-1F7F-4C98-88E0-A41FF6F5ABB5}"
EndProject
Global
	GlobalSection(SolutionConfigurationPlatforms) = preSolution
		Debug|Any CPU = Debug|Any CPU
		Release|Any CPU = Release|Any CPU
	EndGlobalSection
	GlobalSection(ProjectConfigurationPlatforms) = postSolution
		{40A64D76-FDDA-4A0E-9EB0-2F54BF2CD783}.Debug|Any CPU.ActiveCfg = Debug|Any CPU
		{40A64D76-FDDA-4A0E-9EB0-2F54BF2CD783}.Debug|Any CPU.Build.0 = Debug|Any CPU
		{40A64D76-FDDA-4A0E-9EB0-2F54BF2CD783}.Release|Any CPU.ActiveCfg = Release|Any CPU
		{40A64D76-FDDA-4A0E-9EB0-2F54BF2CD783}.Release|Any CPU.Build.0 = Release|Any CPU
		{7CEA796F-2A74-4B1A-A926-F2F9D31A3C3C}.Debug|Any CPU.ActiveCfg = Debug|Any CPU
		{7CEA796F-2A74-4B1A-A926-F2F9D31A3C3C}.Debug|Any CPU.Build.0 = Debug|Any CPU
		{7CEA796F-2A74-4B1A-A926-F2F9D31A3C3C}.Release|Any CPU.ActiveCfg = Release|Any CPU
		{7CEA796F-2A74-4B1A-A926-F2F9D31A3C3C}.Release|Any CPU.Build.0 = Release|Any CPU
		{ED40934F-B50A-4F05-97C2-02ECE527A504}.Debug|Any CPU.ActiveCfg = Debug|Any CPU
		{ED40934F-B50A-4F05-97C2-02ECE527A504}.Debug|Any CPU.Build.0 = Debug|Any CPU
		{ED40934F-B50A-4F05-97C2-02ECE527A504}.Release|Any CPU.ActiveCfg = Release|Any CPU
		{ED40934F-B50A-4F05-97C2-02ECE527A504}.Release|Any CPU.Build.0 = Release|Any CPU
		{F472C32C-2A25-4CE9-AD9D-7DEB51E3FBF8}.Debug|Any CPU.ActiveCfg = Debug|Any CPU
		{F472C32C-2A25-4CE9-AD9D-7DEB51E3FBF8}.Debug|Any CPU.Build.0 = Debug|Any CPU
		{F472C32C-2A25-4CE9-AD9D-7DEB51E3FBF8}.Release|Any CPU.ActiveCfg = Release|Any CPU
		{F472C32C-2A25-4CE9-AD9D-7DEB51E3FBF8}.Release|Any CPU.Build.0 = Release|Any CPU
		{8D52020A-AD37-40EA-A2C3-8430F93390BA}.Debug|Any CPU.ActiveCfg = Debug|Any CPU
		{8D52020A-AD37-40EA-A2C3-8430F93390BA}.Debug|Any CPU.Build.0 = Debug|Any CPU
		{8D52020A-AD37-40EA-A2C3-8430F93390BA}.Release|Any CPU.ActiveCfg = Release|Any CPU
		{8D52020A-AD37-40EA-A2C3-8430F93390BA}.Release|Any CPU.Build.0 = Release|Any CPU
		{032F48C1-342F-4099-B0F9-B88220DBBBE8}.Debug|Any CPU.ActiveCfg = Debug|Any CPU
		{032F48C1-342F-4099-B0F9-B88220DBBBE8}.Debug|Any CPU.Build.0 = Debug|Any CPU
		{032F48C1-342F-4099-B0F9-B88220DBBBE8}.Release|Any CPU.ActiveCfg = Release|Any CPU
		{032F48C1-342F-4099-B0F9-B88220DBBBE8}.Release|Any CPU.Build.0 = Release|Any CPU
		{68190364-3F27-476F-BCFF-8D8B5F70E7A8}.Debug|Any CPU.ActiveCfg = Debug|Any CPU
		{68190364-3F27-476F-BCFF-8D8B5F70E7A8}.Debug|Any CPU.Build.0 = Debug|Any CPU
		{68190364-3F27-476F-BCFF-8D8B5F70E7A8}.Release|Any CPU.ActiveCfg = Release|Any CPU
		{68190364-3F27-476F-BCFF-8D8B5F70E7A8}.Release|Any CPU.Build.0 = Release|Any CPU
		{EF961C68-630B-4C49-BCCB-3A3E198A43B8}.Debug|Any CPU.ActiveCfg = Debug|Any CPU
		{EF961C68-630B-4C49-BCCB-3A3E198A43B8}.Debug|Any CPU.Build.0 = Debug|Any CPU
		{EF961C68-630B-4C49-BCCB-3A3E198A43B8}.Release|Any CPU.ActiveCfg = Release|Any CPU
		{EF961C68-630B-4C49-BCCB-3A3E198A43B8}.Release|Any CPU.Build.0 = Release|Any CPU
		{6D0ACFB6-1F7F-4C98-88E0-A41FF6F5ABB5}.Debug|Any CPU.ActiveCfg = Debug|Any CPU
		{6D0ACFB6-1F7F-4C98-88E0-A41FF6F5ABB5}.Debug|Any CPU.Build.0 = Debug|Any CPU
		{6D0ACFB6-1F7F-4C98-88E0-A41FF6F5ABB5}.Release|Any CPU.ActiveCfg = Release|Any CPU
		{6D0ACFB6-1F7F-4C98-88E0-A41FF6F5ABB5}.Release|Any CPU.Build.0 = Release|Any CPU
	EndGlobalSection
	GlobalSection(SolutionProperties) = preSolution
		HideSolutionNode = FALSE
	EndGlobalSection
EndGlobal
