
Microsoft Visual Studio Solution File, Format Version 12.00
# Visual Studio 2013
VisualStudioVersion = 12.0.31101.0
MinimumVisualStudioVersion = 10.0.40219.1
Project("{FAE04EC0-301F-11D3-BF4B-00C04F79EFBC}") = "StartMain", "StartMain\StartMain.csproj", "{5D3AEC53-12C1-4109-9553-F10F27CCAA0D}"
EndProject
Project("{FAE04EC0-301F-11D3-BF4B-00C04F79EFBC}") = "VersionAttr", "VersionAttr\VersionAttr.csproj", "{5D35EFB1-A85C-4D2A-91F6-817C71A71CB5}"
EndProject
Global
	GlobalSection(SolutionConfigurationPlatforms) = preSolution
		Debug|Any CPU = Debug|Any CPU
		Release|Any CPU = Release|Any CPU
	EndGlobalSection
	GlobalSection(ProjectConfigurationPlatforms) = postSolution
		{5D3AEC53-12C1-4109-9553-F10F27CCAA0D}.Debug|Any CPU.ActiveCfg = Debug|Any CPU
		{5D3AEC53-12C1-4109-9553-F10F27CCAA0D}.Debug|Any CPU.Build.0 = Debug|Any CPU
		{5D3AEC53-12C1-4109-9553-F10F27CCAA0D}.Release|Any CPU.ActiveCfg = Release|Any CPU
		{5D3AEC53-12C1-4109-9553-F10F27CCAA0D}.Release|Any CPU.Build.0 = Release|Any CPU
		{5D35EFB1-A85C-4D2A-91F6-817C71A71CB5}.Debug|Any CPU.ActiveCfg = Debug|Any CPU
		{5D35EFB1-A85C-4D2A-91F6-817C71A71CB5}.Debug|Any CPU.Build.0 = Debug|Any CPU
		{5D35EFB1-A85C-4D2A-91F6-817C71A71CB5}.Release|Any CPU.ActiveCfg = Release|Any CPU
		{5D35EFB1-A85C-4D2A-91F6-817C71A71CB5}.Release|Any CPU.Build.0 = Release|Any CPU
	EndGlobalSection
	GlobalSection(SolutionProperties) = preSolution
		HideSolutionNode = FALSE
	EndGlobalSection
EndGlobal
