
Microsoft Visual Studio Solution File, Format Version 12.00
# Visual Studio 2013
VisualStudioVersion = 12.0.31101.0
MinimumVisualStudioVersion = 10.0.40219.1
Project("{FAE04EC0-301F-11D3-BF4B-00C04F79EFBC}") = "01-03Problems", "Problem_01_Student_class\01-03Problems.csproj", "{EEB5514A-7481-4CB2-919D-1163BE5D2281}"
EndProject
Project("{FAE04EC0-301F-11D3-BF4B-00C04F79EFBC}") = "04PersonClass", "PersonClass\04PersonClass.csproj", "{23AD1952-A780-44FC-9C19-15F45AFBB5B0}"
EndProject
Project("{FAE04EC0-301F-11D3-BF4B-00C04F79EFBC}") = "0564BitArray", "64BitArray\0564BitArray.csproj", "{FC8452A5-187E-4DA0-8417-0190704E554F}"
EndProject
Global
	GlobalSection(SolutionConfigurationPlatforms) = preSolution
		Debug|Any CPU = Debug|Any CPU
		Release|Any CPU = Release|Any CPU
	EndGlobalSection
	GlobalSection(ProjectConfigurationPlatforms) = postSolution
		{EEB5514A-7481-4CB2-919D-1163BE5D2281}.Debug|Any CPU.ActiveCfg = Debug|Any CPU
		{EEB5514A-7481-4CB2-919D-1163BE5D2281}.Debug|Any CPU.Build.0 = Debug|Any CPU
		{EEB5514A-7481-4CB2-919D-1163BE5D2281}.Release|Any CPU.ActiveCfg = Release|Any CPU
		{EEB5514A-7481-4CB2-919D-1163BE5D2281}.Release|Any CPU.Build.0 = Release|Any CPU
		{23AD1952-A780-44FC-9C19-15F45AFBB5B0}.Debug|Any CPU.ActiveCfg = Debug|Any CPU
		{23AD1952-A780-44FC-9C19-15F45AFBB5B0}.Debug|Any CPU.Build.0 = Debug|Any CPU
		{23AD1952-A780-44FC-9C19-15F45AFBB5B0}.Release|Any CPU.ActiveCfg = Release|Any CPU
		{23AD1952-A780-44FC-9C19-15F45AFBB5B0}.Release|Any CPU.Build.0 = Release|Any CPU
		{FC8452A5-187E-4DA0-8417-0190704E554F}.Debug|Any CPU.ActiveCfg = Debug|Any CPU
		{FC8452A5-187E-4DA0-8417-0190704E554F}.Debug|Any CPU.Build.0 = Debug|Any CPU
		{FC8452A5-187E-4DA0-8417-0190704E554F}.Release|Any CPU.ActiveCfg = Release|Any CPU
		{FC8452A5-187E-4DA0-8417-0190704E554F}.Release|Any CPU.Build.0 = Release|Any CPU
	EndGlobalSection
	GlobalSection(SolutionProperties) = preSolution
		HideSolutionNode = FALSE
	EndGlobalSection
EndGlobal
