
Microsoft Visual Studio Solution File, Format Version 12.00
# Visual Studio 2013
VisualStudioVersion = 12.0.31101.0
MinimumVisualStudioVersion = 10.0.40219.1
Project("{FAE04EC0-301F-11D3-BF4B-00C04F79EFBC}") = "01LeapYear", "Leap year\01LeapYear.csproj", "{A8D8CA92-9A09-4D44-ADF8-B421377257DF}"
EndProject
Project("{FAE04EC0-301F-11D3-BF4B-00C04F79EFBC}") = "02RandomNumbers", "RandomNumbers\02RandomNumbers.csproj", "{213315F2-3644-429A-9D12-FD29A41EEBCC}"
EndProject
Project("{FAE04EC0-301F-11D3-BF4B-00C04F79EFBC}") = "03DayOfWeek", "DayOfWeek\03DayOfWeek.csproj", "{A981ABD6-63C0-4469-A6FA-6B5AD3087EEA}"
EndProject
Project("{FAE04EC0-301F-11D3-BF4B-00C04F79EFBC}") = "04TriangleSurface", "TriangleSurface\04TriangleSurface.csproj", "{F036005A-96E1-4AB8-85D5-CAD0F83DDDAE}"
EndProject
Project("{FAE04EC0-301F-11D3-BF4B-00C04F79EFBC}") = "05Workdays", "Workdays\05Workdays.csproj", "{BF9B3A78-6F98-489C-B145-5AF53F9C876A}"
EndProject
Project("{FAE04EC0-301F-11D3-BF4B-00C04F79EFBC}") = "06SumIntegers", "SumIntegers\06SumIntegers.csproj", "{1C7C83A4-BEF5-484D-B716-E21F90772AB9}"
EndProject
Global
	GlobalSection(SolutionConfigurationPlatforms) = preSolution
		Debug|Any CPU = Debug|Any CPU
		Release|Any CPU = Release|Any CPU
	EndGlobalSection
	GlobalSection(ProjectConfigurationPlatforms) = postSolution
		{A8D8CA92-9A09-4D44-ADF8-B421377257DF}.Debug|Any CPU.ActiveCfg = Debug|Any CPU
		{A8D8CA92-9A09-4D44-ADF8-B421377257DF}.Debug|Any CPU.Build.0 = Debug|Any CPU
		{A8D8CA92-9A09-4D44-ADF8-B421377257DF}.Release|Any CPU.ActiveCfg = Release|Any CPU
		{A8D8CA92-9A09-4D44-ADF8-B421377257DF}.Release|Any CPU.Build.0 = Release|Any CPU
		{213315F2-3644-429A-9D12-FD29A41EEBCC}.Debug|Any CPU.ActiveCfg = Debug|Any CPU
		{213315F2-3644-429A-9D12-FD29A41EEBCC}.Debug|Any CPU.Build.0 = Debug|Any CPU
		{213315F2-3644-429A-9D12-FD29A41EEBCC}.Release|Any CPU.ActiveCfg = Release|Any CPU
		{213315F2-3644-429A-9D12-FD29A41EEBCC}.Release|Any CPU.Build.0 = Release|Any CPU
		{A981ABD6-63C0-4469-A6FA-6B5AD3087EEA}.Debug|Any CPU.ActiveCfg = Debug|Any CPU
		{A981ABD6-63C0-4469-A6FA-6B5AD3087EEA}.Debug|Any CPU.Build.0 = Debug|Any CPU
		{A981ABD6-63C0-4469-A6FA-6B5AD3087EEA}.Release|Any CPU.ActiveCfg = Release|Any CPU
		{A981ABD6-63C0-4469-A6FA-6B5AD3087EEA}.Release|Any CPU.Build.0 = Release|Any CPU
		{F036005A-96E1-4AB8-85D5-CAD0F83DDDAE}.Debug|Any CPU.ActiveCfg = Debug|Any CPU
		{F036005A-96E1-4AB8-85D5-CAD0F83DDDAE}.Debug|Any CPU.Build.0 = Debug|Any CPU
		{F036005A-96E1-4AB8-85D5-CAD0F83DDDAE}.Release|Any CPU.ActiveCfg = Release|Any CPU
		{F036005A-96E1-4AB8-85D5-CAD0F83DDDAE}.Release|Any CPU.Build.0 = Release|Any CPU
		{BF9B3A78-6F98-489C-B145-5AF53F9C876A}.Debug|Any CPU.ActiveCfg = Debug|Any CPU
		{BF9B3A78-6F98-489C-B145-5AF53F9C876A}.Debug|Any CPU.Build.0 = Debug|Any CPU
		{BF9B3A78-6F98-489C-B145-5AF53F9C876A}.Release|Any CPU.ActiveCfg = Release|Any CPU
		{BF9B3A78-6F98-489C-B145-5AF53F9C876A}.Release|Any CPU.Build.0 = Release|Any CPU
		{1C7C83A4-BEF5-484D-B716-E21F90772AB9}.Debug|Any CPU.ActiveCfg = Debug|Any CPU
		{1C7C83A4-BEF5-484D-B716-E21F90772AB9}.Debug|Any CPU.Build.0 = Debug|Any CPU
		{1C7C83A4-BEF5-484D-B716-E21F90772AB9}.Release|Any CPU.ActiveCfg = Release|Any CPU
		{1C7C83A4-BEF5-484D-B716-E21F90772AB9}.Release|Any CPU.Build.0 = Release|Any CPU
	EndGlobalSection
	GlobalSection(SolutionProperties) = preSolution
		HideSolutionNode = FALSE
	EndGlobalSection
EndGlobal
