
Microsoft Visual Studio Solution File, Format Version 12.00
# Visual Studio 2013
VisualStudioVersion = 12.0.31101.0
MinimumVisualStudioVersion = 10.0.40219.1
Project("{FAE04EC0-301F-11D3-BF4B-00C04F79EFBC}") = "01Shapes", "Shapes\01Shapes.csproj", "{87F1C9C5-3CA2-4577-B480-20ACDA2DF9E0}"
EndProject
Project("{FAE04EC0-301F-11D3-BF4B-00C04F79EFBC}") = "02BankAccounts", "BankAccounts\02BankAccounts.csproj", "{9E100BB9-AF6C-443A-92FF-C51FA0CB57FB}"
EndProject
Project("{FAE04EC0-301F-11D3-BF4B-00C04F79EFBC}") = "03RangeExceptions", "RangeExceptions\03RangeExceptions.csproj", "{88F2CDCE-0704-4B31-8D06-A41D723661F8}"
EndProject
Global
	GlobalSection(SolutionConfigurationPlatforms) = preSolution
		Debug|Any CPU = Debug|Any CPU
		Release|Any CPU = Release|Any CPU
	EndGlobalSection
	GlobalSection(ProjectConfigurationPlatforms) = postSolution
		{87F1C9C5-3CA2-4577-B480-20ACDA2DF9E0}.Debug|Any CPU.ActiveCfg = Debug|Any CPU
		{87F1C9C5-3CA2-4577-B480-20ACDA2DF9E0}.Debug|Any CPU.Build.0 = Debug|Any CPU
		{87F1C9C5-3CA2-4577-B480-20ACDA2DF9E0}.Release|Any CPU.ActiveCfg = Release|Any CPU
		{87F1C9C5-3CA2-4577-B480-20ACDA2DF9E0}.Release|Any CPU.Build.0 = Release|Any CPU
		{9E100BB9-AF6C-443A-92FF-C51FA0CB57FB}.Debug|Any CPU.ActiveCfg = Debug|Any CPU
		{9E100BB9-AF6C-443A-92FF-C51FA0CB57FB}.Debug|Any CPU.Build.0 = Debug|Any CPU
		{9E100BB9-AF6C-443A-92FF-C51FA0CB57FB}.Release|Any CPU.ActiveCfg = Release|Any CPU
		{9E100BB9-AF6C-443A-92FF-C51FA0CB57FB}.Release|Any CPU.Build.0 = Release|Any CPU
		{88F2CDCE-0704-4B31-8D06-A41D723661F8}.Debug|Any CPU.ActiveCfg = Debug|Any CPU
		{88F2CDCE-0704-4B31-8D06-A41D723661F8}.Debug|Any CPU.Build.0 = Debug|Any CPU
		{88F2CDCE-0704-4B31-8D06-A41D723661F8}.Release|Any CPU.ActiveCfg = Release|Any CPU
		{88F2CDCE-0704-4B31-8D06-A41D723661F8}.Release|Any CPU.Build.0 = Release|Any CPU
	EndGlobalSection
	GlobalSection(SolutionProperties) = preSolution
		HideSolutionNode = FALSE
	EndGlobalSection
EndGlobal
